
Microsoft Visual Studio Solution File, Format Version 12.00
# Visual Studio 14
VisualStudioVersion = 14.0.25420.1
MinimumVisualStudioVersion = 10.0.40219.1
Project("{FAE04EC0-301F-11D3-BF4B-00C04F79EFBC}") = "MyProfiles.Droid", "MyProfiles\MyProfiles.Droid\MyProfiles.Droid.csproj", "{4F544175-383B-43A7-9808-86CD3E2AA017}"
EndProject
Project("{FAE04EC0-301F-11D3-BF4B-00C04F79EFBC}") = "MyProfiles.iOS", "MyProfiles\MyProfiles.iOS\MyProfiles.iOS.csproj", "{8084DA74-7584-421D-90CF-74CB6DCB090F}"
EndProject
Project("{FAE04EC0-301F-11D3-BF4B-00C04F79EFBC}") = "MyProfiles.WinPhone", "MyProfiles\MyProfiles.WinPhone\MyProfiles.WinPhone.csproj", "{5EA64667-DABE-45B7-90D7-3B29B7CADEFD}"
EndProject
Project("{FAE04EC0-301F-11D3-BF4B-00C04F79EFBC}") = "MyProfiles.UWP", "MyProfiles\MyProfiles.UWP\MyProfiles.UWP.csproj", "{0928C130-1001-4596-AB0A-287FFCDEFFB7}"
EndProject
Project("{FAE04EC0-301F-11D3-BF4B-00C04F79EFBC}") = "MyProfiles.Windows", "MyProfiles\MyProfiles.Windows\MyProfiles.Windows.csproj", "{0F097050-B834-4C2D-87F0-FE633C078268}"
EndProject
Project("{D954291E-2A0B-460D-934E-DC6B0785DB48}") = "MyProfiles", "MyProfiles\MyProfiles\MyProfiles.shproj", "{822FA786-CD6B-4FDE-858E-6565BD8C560F}"
EndProject
Global
	GlobalSection(SharedMSBuildProjectFiles) = preSolution
		MyProfiles\MyProfiles\MyProfiles.projitems*{822fa786-cd6b-4fde-858e-6565bd8c560f}*SharedItemsImports = 13
	EndGlobalSection
	GlobalSection(SolutionConfigurationPlatforms) = preSolution
		Ad-Hoc|Any CPU = Ad-Hoc|Any CPU
		Ad-Hoc|ARM = Ad-Hoc|ARM
		Ad-Hoc|iPhone = Ad-Hoc|iPhone
		Ad-Hoc|iPhoneSimulator = Ad-Hoc|iPhoneSimulator
		Ad-Hoc|x64 = Ad-Hoc|x64
		Ad-Hoc|x86 = Ad-Hoc|x86
		AppStore|Any CPU = AppStore|Any CPU
		AppStore|ARM = AppStore|ARM
		AppStore|iPhone = AppStore|iPhone
		AppStore|iPhoneSimulator = AppStore|iPhoneSimulator
		AppStore|x64 = AppStore|x64
		AppStore|x86 = AppStore|x86
		Debug|Any CPU = Debug|Any CPU
		Debug|ARM = Debug|ARM
		Debug|iPhone = Debug|iPhone
		Debug|iPhoneSimulator = Debug|iPhoneSimulator
		Debug|x64 = Debug|x64
		Debug|x86 = Debug|x86
		Release|Any CPU = Release|Any CPU
		Release|ARM = Release|ARM
		Release|iPhone = Release|iPhone
		Release|iPhoneSimulator = Release|iPhoneSimulator
		Release|x64 = Release|x64
		Release|x86 = Release|x86
	EndGlobalSection
	GlobalSection(ProjectConfigurationPlatforms) = postSolution
		{4F544175-383B-43A7-9808-86CD3E2AA017}.Ad-Hoc|Any CPU.ActiveCfg = Release|Any CPU
		{4F544175-383B-43A7-9808-86CD3E2AA017}.Ad-Hoc|Any CPU.Build.0 = Release|Any CPU
		{4F544175-383B-43A7-9808-86CD3E2AA017}.Ad-Hoc|Any CPU.Deploy.0 = Release|Any CPU
		{4F544175-383B-43A7-9808-86CD3E2AA017}.Ad-Hoc|ARM.ActiveCfg = Release|Any CPU
		{4F544175-383B-43A7-9808-86CD3E2AA017}.Ad-Hoc|ARM.Build.0 = Release|Any CPU
		{4F544175-383B-43A7-9808-86CD3E2AA017}.Ad-Hoc|ARM.Deploy.0 = Release|Any CPU
		{4F544175-383B-43A7-9808-86CD3E2AA017}.Ad-Hoc|iPhone.ActiveCfg = Release|Any CPU
		{4F544175-383B-43A7-9808-86CD3E2AA017}.Ad-Hoc|iPhone.Build.0 = Release|Any CPU
		{4F544175-383B-43A7-9808-86CD3E2AA017}.Ad-Hoc|iPhone.Deploy.0 = Release|Any CPU
		{4F544175-383B-43A7-9808-86CD3E2AA017}.Ad-Hoc|iPhoneSimulator.ActiveCfg = Release|Any CPU
		{4F544175-383B-43A7-9808-86CD3E2AA017}.Ad-Hoc|iPhoneSimulator.Build.0 = Release|Any CPU
		{4F544175-383B-43A7-9808-86CD3E2AA017}.Ad-Hoc|iPhoneSimulator.Deploy.0 = Release|Any CPU
		{4F544175-383B-43A7-9808-86CD3E2AA017}.Ad-Hoc|x64.ActiveCfg = Release|Any CPU
		{4F544175-383B-43A7-9808-86CD3E2AA017}.Ad-Hoc|x64.Build.0 = Release|Any CPU
		{4F544175-383B-43A7-9808-86CD3E2AA017}.Ad-Hoc|x64.Deploy.0 = Release|Any CPU
		{4F544175-383B-43A7-9808-86CD3E2AA017}.Ad-Hoc|x86.ActiveCfg = Release|Any CPU
		{4F544175-383B-43A7-9808-86CD3E2AA017}.Ad-Hoc|x86.Build.0 = Release|Any CPU
		{4F544175-383B-43A7-9808-86CD3E2AA017}.Ad-Hoc|x86.Deploy.0 = Release|Any CPU
		{4F544175-383B-43A7-9808-86CD3E2AA017}.AppStore|Any CPU.ActiveCfg = Release|Any CPU
		{4F544175-383B-43A7-9808-86CD3E2AA017}.AppStore|Any CPU.Build.0 = Release|Any CPU
		{4F544175-383B-43A7-9808-86CD3E2AA017}.AppStore|Any CPU.Deploy.0 = Release|Any CPU
		{4F544175-383B-43A7-9808-86CD3E2AA017}.AppStore|ARM.ActiveCfg = Release|Any CPU
		{4F544175-383B-43A7-9808-86CD3E2AA017}.AppStore|ARM.Build.0 = Release|Any CPU
		{4F544175-383B-43A7-9808-86CD3E2AA017}.AppStore|ARM.Deploy.0 = Release|Any CPU
		{4F544175-383B-43A7-9808-86CD3E2AA017}.AppStore|iPhone.ActiveCfg = Release|Any CPU
		{4F544175-383B-43A7-9808-86CD3E2AA017}.AppStore|iPhone.Build.0 = Release|Any CPU
		{4F544175-383B-43A7-9808-86CD3E2AA017}.AppStore|iPhone.Deploy.0 = Release|Any CPU
		{4F544175-383B-43A7-9808-86CD3E2AA017}.AppStore|iPhoneSimulator.ActiveCfg = Release|Any CPU
		{4F544175-383B-43A7-9808-86CD3E2AA017}.AppStore|iPhoneSimulator.Build.0 = Release|Any CPU
		{4F544175-383B-43A7-9808-86CD3E2AA017}.AppStore|iPhoneSimulator.Deploy.0 = Release|Any CPU
		{4F544175-383B-43A7-9808-86CD3E2AA017}.AppStore|x64.ActiveCfg = Release|Any CPU
		{4F544175-383B-43A7-9808-86CD3E2AA017}.AppStore|x64.Build.0 = Release|Any CPU
		{4F544175-383B-43A7-9808-86CD3E2AA017}.AppStore|x64.Deploy.0 = Release|Any CPU
		{4F544175-383B-43A7-9808-86CD3E2AA017}.AppStore|x86.ActiveCfg = Release|Any CPU
		{4F544175-383B-43A7-9808-86CD3E2AA017}.AppStore|x86.Build.0 = Release|Any CPU
		{4F544175-383B-43A7-9808-86CD3E2AA017}.AppStore|x86.Deploy.0 = Release|Any CPU
		{4F544175-383B-43A7-9808-86CD3E2AA017}.Debug|Any CPU.ActiveCfg = Debug|Any CPU
		{4F544175-383B-43A7-9808-86CD3E2AA017}.Debug|Any CPU.Build.0 = Debug|Any CPU
		{4F544175-383B-43A7-9808-86CD3E2AA017}.Debug|Any CPU.Deploy.0 = Debug|Any CPU
		{4F544175-383B-43A7-9808-86CD3E2AA017}.Debug|ARM.ActiveCfg = Debug|Any CPU
		{4F544175-383B-43A7-9808-86CD3E2AA017}.Debug|ARM.Build.0 = Debug|Any CPU
		{4F544175-383B-43A7-9808-86CD3E2AA017}.Debug|ARM.Deploy.0 = Debug|Any CPU
		{4F544175-383B-43A7-9808-86CD3E2AA017}.Debug|iPhone.ActiveCfg = Debug|Any CPU
		{4F544175-383B-43A7-9808-86CD3E2AA017}.Debug|iPhone.Build.0 = Debug|Any CPU
		{4F544175-383B-43A7-9808-86CD3E2AA017}.Debug|iPhone.Deploy.0 = Debug|Any CPU
		{4F544175-383B-43A7-9808-86CD3E2AA017}.Debug|iPhoneSimulator.ActiveCfg = Debug|Any CPU
		{4F544175-383B-43A7-9808-86CD3E2AA017}.Debug|iPhoneSimulator.Build.0 = Debug|Any CPU
		{4F544175-383B-43A7-9808-86CD3E2AA017}.Debug|iPhoneSimulator.Deploy.0 = Debug|Any CPU
		{4F544175-383B-43A7-9808-86CD3E2AA017}.Debug|x64.ActiveCfg = Debug|Any CPU
		{4F544175-383B-43A7-9808-86CD3E2AA017}.Debug|x64.Build.0 = Debug|Any CPU
		{4F544175-383B-43A7-9808-86CD3E2AA017}.Debug|x64.Deploy.0 = Debug|Any CPU
		{4F544175-383B-43A7-9808-86CD3E2AA017}.Debug|x86.ActiveCfg = Debug|Any CPU
		{4F544175-383B-43A7-9808-86CD3E2AA017}.Debug|x86.Build.0 = Debug|Any CPU
		{4F544175-383B-43A7-9808-86CD3E2AA017}.Debug|x86.Deploy.0 = Debug|Any CPU
		{4F544175-383B-43A7-9808-86CD3E2AA017}.Release|Any CPU.ActiveCfg = Release|Any CPU
		{4F544175-383B-43A7-9808-86CD3E2AA017}.Release|Any CPU.Build.0 = Release|Any CPU
		{4F544175-383B-43A7-9808-86CD3E2AA017}.Release|Any CPU.Deploy.0 = Release|Any CPU
		{4F544175-383B-43A7-9808-86CD3E2AA017}.Release|ARM.ActiveCfg = Release|Any CPU
		{4F544175-383B-43A7-9808-86CD3E2AA017}.Release|ARM.Build.0 = Release|Any CPU
		{4F544175-383B-43A7-9808-86CD3E2AA017}.Release|ARM.Deploy.0 = Release|Any CPU
		{4F544175-383B-43A7-9808-86CD3E2AA017}.Release|iPhone.ActiveCfg = Release|Any CPU
		{4F544175-383B-43A7-9808-86CD3E2AA017}.Release|iPhone.Build.0 = Release|Any CPU
		{4F544175-383B-43A7-9808-86CD3E2AA017}.Release|iPhone.Deploy.0 = Release|Any CPU
		{4F544175-383B-43A7-9808-86CD3E2AA017}.Release|iPhoneSimulator.ActiveCfg = Release|Any CPU
		{4F544175-383B-43A7-9808-86CD3E2AA017}.Release|iPhoneSimulator.Build.0 = Release|Any CPU
		{4F544175-383B-43A7-9808-86CD3E2AA017}.Release|iPhoneSimulator.Deploy.0 = Release|Any CPU
		{4F544175-383B-43A7-9808-86CD3E2AA017}.Release|x64.ActiveCfg = Release|Any CPU
		{4F544175-383B-43A7-9808-86CD3E2AA017}.Release|x64.Build.0 = Release|Any CPU
		{4F544175-383B-43A7-9808-86CD3E2AA017}.Release|x64.Deploy.0 = Release|Any CPU
		{4F544175-383B-43A7-9808-86CD3E2AA017}.Release|x86.ActiveCfg = Release|Any CPU
		{4F544175-383B-43A7-9808-86CD3E2AA017}.Release|x86.Build.0 = Release|Any CPU
		{4F544175-383B-43A7-9808-86CD3E2AA017}.Release|x86.Deploy.0 = Release|Any CPU
		{8084DA74-7584-421D-90CF-74CB6DCB090F}.Ad-Hoc|Any CPU.ActiveCfg = Ad-Hoc|iPhone
		{8084DA74-7584-421D-90CF-74CB6DCB090F}.Ad-Hoc|ARM.ActiveCfg = Ad-Hoc|iPhone
		{8084DA74-7584-421D-90CF-74CB6DCB090F}.Ad-Hoc|iPhone.ActiveCfg = Ad-Hoc|iPhone
		{8084DA74-7584-421D-90CF-74CB6DCB090F}.Ad-Hoc|iPhone.Build.0 = Ad-Hoc|iPhone
		{8084DA74-7584-421D-90CF-74CB6DCB090F}.Ad-Hoc|iPhoneSimulator.ActiveCfg = Ad-Hoc|iPhoneSimulator
		{8084DA74-7584-421D-90CF-74CB6DCB090F}.Ad-Hoc|iPhoneSimulator.Build.0 = Ad-Hoc|iPhoneSimulator
		{8084DA74-7584-421D-90CF-74CB6DCB090F}.Ad-Hoc|x64.ActiveCfg = Ad-Hoc|iPhone
		{8084DA74-7584-421D-90CF-74CB6DCB090F}.Ad-Hoc|x86.ActiveCfg = Ad-Hoc|iPhone
		{8084DA74-7584-421D-90CF-74CB6DCB090F}.AppStore|Any CPU.ActiveCfg = AppStore|iPhone
		{8084DA74-7584-421D-90CF-74CB6DCB090F}.AppStore|ARM.ActiveCfg = AppStore|iPhone
		{8084DA74-7584-421D-90CF-74CB6DCB090F}.AppStore|iPhone.ActiveCfg = AppStore|iPhone
		{8084DA74-7584-421D-90CF-74CB6DCB090F}.AppStore|iPhone.Build.0 = AppStore|iPhone
		{8084DA74-7584-421D-90CF-74CB6DCB090F}.AppStore|iPhoneSimulator.ActiveCfg = AppStore|iPhoneSimulator
		{8084DA74-7584-421D-90CF-74CB6DCB090F}.AppStore|iPhoneSimulator.Build.0 = AppStore|iPhoneSimulator
		{8084DA74-7584-421D-90CF-74CB6DCB090F}.AppStore|x64.ActiveCfg = AppStore|iPhone
		{8084DA74-7584-421D-90CF-74CB6DCB090F}.AppStore|x86.ActiveCfg = AppStore|iPhone
		{8084DA74-7584-421D-90CF-74CB6DCB090F}.Debug|Any CPU.ActiveCfg = Debug|iPhone
		{8084DA74-7584-421D-90CF-74CB6DCB090F}.Debug|ARM.ActiveCfg = Debug|iPhone
		{8084DA74-7584-421D-90CF-74CB6DCB090F}.Debug|iPhone.ActiveCfg = Debug|iPhone
		{8084DA74-7584-421D-90CF-74CB6DCB090F}.Debug|iPhone.Build.0 = Debug|iPhone
		{8084DA74-7584-421D-90CF-74CB6DCB090F}.Debug|iPhoneSimulator.ActiveCfg = Debug|iPhoneSimulator
		{8084DA74-7584-421D-90CF-74CB6DCB090F}.Debug|iPhoneSimulator.Build.0 = Debug|iPhoneSimulator
		{8084DA74-7584-421D-90CF-74CB6DCB090F}.Debug|x64.ActiveCfg = Debug|iPhone
		{8084DA74-7584-421D-90CF-74CB6DCB090F}.Debug|x86.ActiveCfg = Debug|iPhone
		{8084DA74-7584-421D-90CF-74CB6DCB090F}.Release|Any CPU.ActiveCfg = Release|iPhone
		{8084DA74-7584-421D-90CF-74CB6DCB090F}.Release|ARM.ActiveCfg = Release|iPhone
		{8084DA74-7584-421D-90CF-74CB6DCB090F}.Release|iPhone.ActiveCfg = Release|iPhone
		{8084DA74-7584-421D-90CF-74CB6DCB090F}.Release|iPhone.Build.0 = Release|iPhone
		{8084DA74-7584-421D-90CF-74CB6DCB090F}.Release|iPhoneSimulator.ActiveCfg = Release|iPhoneSimulator
		{8084DA74-7584-421D-90CF-74CB6DCB090F}.Release|iPhoneSimulator.Build.0 = Release|iPhoneSimulator
		{8084DA74-7584-421D-90CF-74CB6DCB090F}.Release|x64.ActiveCfg = Release|iPhone
		{8084DA74-7584-421D-90CF-74CB6DCB090F}.Release|x86.ActiveCfg = Release|iPhone
		{5EA64667-DABE-45B7-90D7-3B29B7CADEFD}.Ad-Hoc|Any CPU.ActiveCfg = Release|Any CPU
		{5EA64667-DABE-45B7-90D7-3B29B7CADEFD}.Ad-Hoc|Any CPU.Build.0 = Release|Any CPU
		{5EA64667-DABE-45B7-90D7-3B29B7CADEFD}.Ad-Hoc|Any CPU.Deploy.0 = Release|Any CPU
		{5EA64667-DABE-45B7-90D7-3B29B7CADEFD}.Ad-Hoc|ARM.ActiveCfg = Release|ARM
		{5EA64667-DABE-45B7-90D7-3B29B7CADEFD}.Ad-Hoc|ARM.Build.0 = Release|ARM
		{5EA64667-DABE-45B7-90D7-3B29B7CADEFD}.Ad-Hoc|ARM.Deploy.0 = Release|ARM
		{5EA64667-DABE-45B7-90D7-3B29B7CADEFD}.Ad-Hoc|iPhone.ActiveCfg = Release|Any CPU
		{5EA64667-DABE-45B7-90D7-3B29B7CADEFD}.Ad-Hoc|iPhone.Build.0 = Release|Any CPU
		{5EA64667-DABE-45B7-90D7-3B29B7CADEFD}.Ad-Hoc|iPhone.Deploy.0 = Release|Any CPU
		{5EA64667-DABE-45B7-90D7-3B29B7CADEFD}.Ad-Hoc|iPhoneSimulator.ActiveCfg = Release|Any CPU
		{5EA64667-DABE-45B7-90D7-3B29B7CADEFD}.Ad-Hoc|iPhoneSimulator.Build.0 = Release|Any CPU
		{5EA64667-DABE-45B7-90D7-3B29B7CADEFD}.Ad-Hoc|iPhoneSimulator.Deploy.0 = Release|Any CPU
		{5EA64667-DABE-45B7-90D7-3B29B7CADEFD}.Ad-Hoc|x64.ActiveCfg = Release|Any CPU
		{5EA64667-DABE-45B7-90D7-3B29B7CADEFD}.Ad-Hoc|x64.Build.0 = Release|Any CPU
		{5EA64667-DABE-45B7-90D7-3B29B7CADEFD}.Ad-Hoc|x64.Deploy.0 = Release|Any CPU
		{5EA64667-DABE-45B7-90D7-3B29B7CADEFD}.Ad-Hoc|x86.ActiveCfg = Release|x86
		{5EA64667-DABE-45B7-90D7-3B29B7CADEFD}.Ad-Hoc|x86.Build.0 = Release|x86
		{5EA64667-DABE-45B7-90D7-3B29B7CADEFD}.Ad-Hoc|x86.Deploy.0 = Release|x86
		{5EA64667-DABE-45B7-90D7-3B29B7CADEFD}.AppStore|Any CPU.ActiveCfg = Release|Any CPU
		{5EA64667-DABE-45B7-90D7-3B29B7CADEFD}.AppStore|Any CPU.Build.0 = Release|Any CPU
		{5EA64667-DABE-45B7-90D7-3B29B7CADEFD}.AppStore|Any CPU.Deploy.0 = Release|Any CPU
		{5EA64667-DABE-45B7-90D7-3B29B7CADEFD}.AppStore|ARM.ActiveCfg = Release|ARM
		{5EA64667-DABE-45B7-90D7-3B29B7CADEFD}.AppStore|ARM.Build.0 = Release|ARM
		{5EA64667-DABE-45B7-90D7-3B29B7CADEFD}.AppStore|ARM.Deploy.0 = Release|ARM
		{5EA64667-DABE-45B7-90D7-3B29B7CADEFD}.AppStore|iPhone.ActiveCfg = Release|Any CPU
		{5EA64667-DABE-45B7-90D7-3B29B7CADEFD}.AppStore|iPhone.Build.0 = Release|Any CPU
		{5EA64667-DABE-45B7-90D7-3B29B7CADEFD}.AppStore|iPhone.Deploy.0 = Release|Any CPU
		{5EA64667-DABE-45B7-90D7-3B29B7CADEFD}.AppStore|iPhoneSimulator.ActiveCfg = Release|Any CPU
		{5EA64667-DABE-45B7-90D7-3B29B7CADEFD}.AppStore|iPhoneSimulator.Build.0 = Release|Any CPU
		{5EA64667-DABE-45B7-90D7-3B29B7CADEFD}.AppStore|iPhoneSimulator.Deploy.0 = Release|Any CPU
		{5EA64667-DABE-45B7-90D7-3B29B7CADEFD}.AppStore|x64.ActiveCfg = Release|Any CPU
		{5EA64667-DABE-45B7-90D7-3B29B7CADEFD}.AppStore|x64.Build.0 = Release|Any CPU
		{5EA64667-DABE-45B7-90D7-3B29B7CADEFD}.AppStore|x64.Deploy.0 = Release|Any CPU
		{5EA64667-DABE-45B7-90D7-3B29B7CADEFD}.AppStore|x86.ActiveCfg = Release|x86
		{5EA64667-DABE-45B7-90D7-3B29B7CADEFD}.AppStore|x86.Build.0 = Release|x86
		{5EA64667-DABE-45B7-90D7-3B29B7CADEFD}.AppStore|x86.Deploy.0 = Release|x86
		{5EA64667-DABE-45B7-90D7-3B29B7CADEFD}.Debug|Any CPU.ActiveCfg = Debug|Any CPU
		{5EA64667-DABE-45B7-90D7-3B29B7CADEFD}.Debug|Any CPU.Build.0 = Debug|Any CPU
		{5EA64667-DABE-45B7-90D7-3B29B7CADEFD}.Debug|Any CPU.Deploy.0 = Debug|Any CPU
		{5EA64667-DABE-45B7-90D7-3B29B7CADEFD}.Debug|ARM.ActiveCfg = Debug|ARM
		{5EA64667-DABE-45B7-90D7-3B29B7CADEFD}.Debug|ARM.Build.0 = Debug|ARM
		{5EA64667-DABE-45B7-90D7-3B29B7CADEFD}.Debug|ARM.Deploy.0 = Debug|ARM
		{5EA64667-DABE-45B7-90D7-3B29B7CADEFD}.Debug|iPhone.ActiveCfg = Debug|Any CPU
		{5EA64667-DABE-45B7-90D7-3B29B7CADEFD}.Debug|iPhone.Build.0 = Debug|Any CPU
		{5EA64667-DABE-45B7-90D7-3B29B7CADEFD}.Debug|iPhone.Deploy.0 = Debug|Any CPU
		{5EA64667-DABE-45B7-90D7-3B29B7CADEFD}.Debug|iPhoneSimulator.ActiveCfg = Debug|Any CPU
		{5EA64667-DABE-45B7-90D7-3B29B7CADEFD}.Debug|iPhoneSimulator.Build.0 = Debug|Any CPU
		{5EA64667-DABE-45B7-90D7-3B29B7CADEFD}.Debug|iPhoneSimulator.Deploy.0 = Debug|Any CPU
		{5EA64667-DABE-45B7-90D7-3B29B7CADEFD}.Debug|x64.ActiveCfg = Debug|Any CPU
		{5EA64667-DABE-45B7-90D7-3B29B7CADEFD}.Debug|x64.Build.0 = Debug|Any CPU
		{5EA64667-DABE-45B7-90D7-3B29B7CADEFD}.Debug|x64.Deploy.0 = Debug|Any CPU
		{5EA64667-DABE-45B7-90D7-3B29B7CADEFD}.Debug|x86.ActiveCfg = Debug|x86
		{5EA64667-DABE-45B7-90D7-3B29B7CADEFD}.Debug|x86.Build.0 = Debug|x86
		{5EA64667-DABE-45B7-90D7-3B29B7CADEFD}.Debug|x86.Deploy.0 = Debug|x86
		{5EA64667-DABE-45B7-90D7-3B29B7CADEFD}.Release|Any CPU.ActiveCfg = Release|Any CPU
		{5EA64667-DABE-45B7-90D7-3B29B7CADEFD}.Release|Any CPU.Build.0 = Release|Any CPU
		{5EA64667-DABE-45B7-90D7-3B29B7CADEFD}.Release|Any CPU.Deploy.0 = Release|Any CPU
		{5EA64667-DABE-45B7-90D7-3B29B7CADEFD}.Release|ARM.ActiveCfg = Release|ARM
		{5EA64667-DABE-45B7-90D7-3B29B7CADEFD}.Release|ARM.Build.0 = Release|ARM
		{5EA64667-DABE-45B7-90D7-3B29B7CADEFD}.Release|ARM.Deploy.0 = Release|ARM
		{5EA64667-DABE-45B7-90D7-3B29B7CADEFD}.Release|iPhone.ActiveCfg = Release|Any CPU
		{5EA64667-DABE-45B7-90D7-3B29B7CADEFD}.Release|iPhone.Build.0 = Release|Any CPU
		{5EA64667-DABE-45B7-90D7-3B29B7CADEFD}.Release|iPhone.Deploy.0 = Release|Any CPU
		{5EA64667-DABE-45B7-90D7-3B29B7CADEFD}.Release|iPhoneSimulator.ActiveCfg = Release|Any CPU
		{5EA64667-DABE-45B7-90D7-3B29B7CADEFD}.Release|iPhoneSimulator.Build.0 = Release|Any CPU
		{5EA64667-DABE-45B7-90D7-3B29B7CADEFD}.Release|iPhoneSimulator.Deploy.0 = Release|Any CPU
		{5EA64667-DABE-45B7-90D7-3B29B7CADEFD}.Release|x64.ActiveCfg = Release|Any CPU
		{5EA64667-DABE-45B7-90D7-3B29B7CADEFD}.Release|x64.Build.0 = Release|Any CPU
		{5EA64667-DABE-45B7-90D7-3B29B7CADEFD}.Release|x64.Deploy.0 = Release|Any CPU
		{5EA64667-DABE-45B7-90D7-3B29B7CADEFD}.Release|x86.ActiveCfg = Release|x86
		{5EA64667-DABE-45B7-90D7-3B29B7CADEFD}.Release|x86.Build.0 = Release|x86
		{5EA64667-DABE-45B7-90D7-3B29B7CADEFD}.Release|x86.Deploy.0 = Release|x86
		{0928C130-1001-4596-AB0A-287FFCDEFFB7}.Ad-Hoc|Any CPU.ActiveCfg = Release|x86
		{0928C130-1001-4596-AB0A-287FFCDEFFB7}.Ad-Hoc|Any CPU.Build.0 = Release|x86
		{0928C130-1001-4596-AB0A-287FFCDEFFB7}.Ad-Hoc|Any CPU.Deploy.0 = Release|x86
		{0928C130-1001-4596-AB0A-287FFCDEFFB7}.Ad-Hoc|ARM.ActiveCfg = Release|ARM
		{0928C130-1001-4596-AB0A-287FFCDEFFB7}.Ad-Hoc|ARM.Build.0 = Release|ARM
		{0928C130-1001-4596-AB0A-287FFCDEFFB7}.Ad-Hoc|ARM.Deploy.0 = Release|ARM
		{0928C130-1001-4596-AB0A-287FFCDEFFB7}.Ad-Hoc|iPhone.ActiveCfg = Release|x86
		{0928C130-1001-4596-AB0A-287FFCDEFFB7}.Ad-Hoc|iPhone.Build.0 = Release|x86
		{0928C130-1001-4596-AB0A-287FFCDEFFB7}.Ad-Hoc|iPhone.Deploy.0 = Release|x86
		{0928C130-1001-4596-AB0A-287FFCDEFFB7}.Ad-Hoc|iPhoneSimulator.ActiveCfg = Release|x86
		{0928C130-1001-4596-AB0A-287FFCDEFFB7}.Ad-Hoc|iPhoneSimulator.Build.0 = Release|x86
		{0928C130-1001-4596-AB0A-287FFCDEFFB7}.Ad-Hoc|iPhoneSimulator.Deploy.0 = Release|x86
		{0928C130-1001-4596-AB0A-287FFCDEFFB7}.Ad-Hoc|x64.ActiveCfg = Release|x64
		{0928C130-1001-4596-AB0A-287FFCDEFFB7}.Ad-Hoc|x64.Build.0 = Release|x64
		{0928C130-1001-4596-AB0A-287FFCDEFFB7}.Ad-Hoc|x64.Deploy.0 = Release|x64
		{0928C130-1001-4596-AB0A-287FFCDEFFB7}.Ad-Hoc|x86.ActiveCfg = Release|x86
		{0928C130-1001-4596-AB0A-287FFCDEFFB7}.Ad-Hoc|x86.Build.0 = Release|x86
		{0928C130-1001-4596-AB0A-287FFCDEFFB7}.Ad-Hoc|x86.Deploy.0 = Release|x86
		{0928C130-1001-4596-AB0A-287FFCDEFFB7}.AppStore|Any CPU.ActiveCfg = Release|x86
		{0928C130-1001-4596-AB0A-287FFCDEFFB7}.AppStore|Any CPU.Build.0 = Release|x86
		{0928C130-1001-4596-AB0A-287FFCDEFFB7}.AppStore|Any CPU.Deploy.0 = Release|x86
		{0928C130-1001-4596-AB0A-287FFCDEFFB7}.AppStore|ARM.ActiveCfg = Release|ARM
		{0928C130-1001-4596-AB0A-287FFCDEFFB7}.AppStore|ARM.Build.0 = Release|ARM
		{0928C130-1001-4596-AB0A-287FFCDEFFB7}.AppStore|ARM.Deploy.0 = Release|ARM
		{0928C130-1001-4596-AB0A-287FFCDEFFB7}.AppStore|iPhone.ActiveCfg = Release|x86
		{0928C130-1001-4596-AB0A-287FFCDEFFB7}.AppStore|iPhone.Build.0 = Release|x86
		{0928C130-1001-4596-AB0A-287FFCDEFFB7}.AppStore|iPhone.Deploy.0 = Release|x86
		{0928C130-1001-4596-AB0A-287FFCDEFFB7}.AppStore|iPhoneSimulator.ActiveCfg = Release|x86
		{0928C130-1001-4596-AB0A-287FFCDEFFB7}.AppStore|iPhoneSimulator.Build.0 = Release|x86
		{0928C130-1001-4596-AB0A-287FFCDEFFB7}.AppStore|iPhoneSimulator.Deploy.0 = Release|x86
		{0928C130-1001-4596-AB0A-287FFCDEFFB7}.AppStore|x64.ActiveCfg = Release|x64
		{0928C130-1001-4596-AB0A-287FFCDEFFB7}.AppStore|x64.Build.0 = Release|x64
		{0928C130-1001-4596-AB0A-287FFCDEFFB7}.AppStore|x64.Deploy.0 = Release|x64
		{0928C130-1001-4596-AB0A-287FFCDEFFB7}.AppStore|x86.ActiveCfg = Release|x86
		{0928C130-1001-4596-AB0A-287FFCDEFFB7}.AppStore|x86.Build.0 = Release|x86
		{0928C130-1001-4596-AB0A-287FFCDEFFB7}.AppStore|x86.Deploy.0 = Release|x86
		{0928C130-1001-4596-AB0A-287FFCDEFFB7}.Debug|Any CPU.ActiveCfg = Debug|x86
		{0928C130-1001-4596-AB0A-287FFCDEFFB7}.Debug|ARM.ActiveCfg = Debug|ARM
		{0928C130-1001-4596-AB0A-287FFCDEFFB7}.Debug|ARM.Build.0 = Debug|ARM
		{0928C130-1001-4596-AB0A-287FFCDEFFB7}.Debug|ARM.Deploy.0 = Debug|ARM
		{0928C130-1001-4596-AB0A-287FFCDEFFB7}.Debug|iPhone.ActiveCfg = Debug|x86
		{0928C130-1001-4596-AB0A-287FFCDEFFB7}.Debug|iPhoneSimulator.ActiveCfg = Debug|x86
		{0928C130-1001-4596-AB0A-287FFCDEFFB7}.Debug|x64.ActiveCfg = Debug|x64
		{0928C130-1001-4596-AB0A-287FFCDEFFB7}.Debug|x64.Build.0 = Debug|x64
		{0928C130-1001-4596-AB0A-287FFCDEFFB7}.Debug|x64.Deploy.0 = Debug|x64
		{0928C130-1001-4596-AB0A-287FFCDEFFB7}.Debug|x86.ActiveCfg = Debug|x86
		{0928C130-1001-4596-AB0A-287FFCDEFFB7}.Debug|x86.Build.0 = Debug|x86
		{0928C130-1001-4596-AB0A-287FFCDEFFB7}.Debug|x86.Deploy.0 = Debug|x86
		{0928C130-1001-4596-AB0A-287FFCDEFFB7}.Release|Any CPU.ActiveCfg = Release|x86
		{0928C130-1001-4596-AB0A-287FFCDEFFB7}.Release|ARM.ActiveCfg = Release|ARM
		{0928C130-1001-4596-AB0A-287FFCDEFFB7}.Release|ARM.Build.0 = Release|ARM
		{0928C130-1001-4596-AB0A-287FFCDEFFB7}.Release|ARM.Deploy.0 = Release|ARM
		{0928C130-1001-4596-AB0A-287FFCDEFFB7}.Release|iPhone.ActiveCfg = Release|x86
		{0928C130-1001-4596-AB0A-287FFCDEFFB7}.Release|iPhoneSimulator.ActiveCfg = Release|x86
		{0928C130-1001-4596-AB0A-287FFCDEFFB7}.Release|x64.ActiveCfg = Release|x64
		{0928C130-1001-4596-AB0A-287FFCDEFFB7}.Release|x64.Build.0 = Release|x64
		{0928C130-1001-4596-AB0A-287FFCDEFFB7}.Release|x64.Deploy.0 = Release|x64
		{0928C130-1001-4596-AB0A-287FFCDEFFB7}.Release|x86.ActiveCfg = Release|x86
		{0928C130-1001-4596-AB0A-287FFCDEFFB7}.Release|x86.Build.0 = Release|x86
		{0928C130-1001-4596-AB0A-287FFCDEFFB7}.Release|x86.Deploy.0 = Release|x86
		{0F097050-B834-4C2D-87F0-FE633C078268}.Ad-Hoc|Any CPU.ActiveCfg = Release|Any CPU
		{0F097050-B834-4C2D-87F0-FE633C078268}.Ad-Hoc|Any CPU.Build.0 = Release|Any CPU
		{0F097050-B834-4C2D-87F0-FE633C078268}.Ad-Hoc|Any CPU.Deploy.0 = Release|Any CPU
		{0F097050-B834-4C2D-87F0-FE633C078268}.Ad-Hoc|ARM.ActiveCfg = Release|ARM
		{0F097050-B834-4C2D-87F0-FE633C078268}.Ad-Hoc|ARM.Build.0 = Release|ARM
		{0F097050-B834-4C2D-87F0-FE633C078268}.Ad-Hoc|ARM.Deploy.0 = Release|ARM
		{0F097050-B834-4C2D-87F0-FE633C078268}.Ad-Hoc|iPhone.ActiveCfg = Release|Any CPU
		{0F097050-B834-4C2D-87F0-FE633C078268}.Ad-Hoc|iPhone.Build.0 = Release|Any CPU
		{0F097050-B834-4C2D-87F0-FE633C078268}.Ad-Hoc|iPhone.Deploy.0 = Release|Any CPU
		{0F097050-B834-4C2D-87F0-FE633C078268}.Ad-Hoc|iPhoneSimulator.ActiveCfg = Release|Any CPU
		{0F097050-B834-4C2D-87F0-FE633C078268}.Ad-Hoc|iPhoneSimulator.Build.0 = Release|Any CPU
		{0F097050-B834-4C2D-87F0-FE633C078268}.Ad-Hoc|iPhoneSimulator.Deploy.0 = Release|Any CPU
		{0F097050-B834-4C2D-87F0-FE633C078268}.Ad-Hoc|x64.ActiveCfg = Release|x64
		{0F097050-B834-4C2D-87F0-FE633C078268}.Ad-Hoc|x64.Build.0 = Release|x64
		{0F097050-B834-4C2D-87F0-FE633C078268}.Ad-Hoc|x64.Deploy.0 = Release|x64
		{0F097050-B834-4C2D-87F0-FE633C078268}.Ad-Hoc|x86.ActiveCfg = Release|x86
		{0F097050-B834-4C2D-87F0-FE633C078268}.Ad-Hoc|x86.Build.0 = Release|x86
		{0F097050-B834-4C2D-87F0-FE633C078268}.Ad-Hoc|x86.Deploy.0 = Release|x86
		{0F097050-B834-4C2D-87F0-FE633C078268}.AppStore|Any CPU.ActiveCfg = Release|Any CPU
		{0F097050-B834-4C2D-87F0-FE633C078268}.AppStore|Any CPU.Build.0 = Release|Any CPU
		{0F097050-B834-4C2D-87F0-FE633C078268}.AppStore|Any CPU.Deploy.0 = Release|Any CPU
		{0F097050-B834-4C2D-87F0-FE633C078268}.AppStore|ARM.ActiveCfg = Release|ARM
		{0F097050-B834-4C2D-87F0-FE633C078268}.AppStore|ARM.Build.0 = Release|ARM
		{0F097050-B834-4C2D-87F0-FE633C078268}.AppStore|ARM.Deploy.0 = Release|ARM
		{0F097050-B834-4C2D-87F0-FE633C078268}.AppStore|iPhone.ActiveCfg = Release|Any CPU
		{0F097050-B834-4C2D-87F0-FE633C078268}.AppStore|iPhone.Build.0 = Release|Any CPU
		{0F097050-B834-4C2D-87F0-FE633C078268}.AppStore|iPhone.Deploy.0 = Release|Any CPU
		{0F097050-B834-4C2D-87F0-FE633C078268}.AppStore|iPhoneSimulator.ActiveCfg = Release|Any CPU
		{0F097050-B834-4C2D-87F0-FE633C078268}.AppStore|iPhoneSimulator.Build.0 = Release|Any CPU
		{0F097050-B834-4C2D-87F0-FE633C078268}.AppStore|iPhoneSimulator.Deploy.0 = Release|Any CPU
		{0F097050-B834-4C2D-87F0-FE633C078268}.AppStore|x64.ActiveCfg = Release|x64
		{0F097050-B834-4C2D-87F0-FE633C078268}.AppStore|x64.Build.0 = Release|x64
		{0F097050-B834-4C2D-87F0-FE633C078268}.AppStore|x64.Deploy.0 = Release|x64
		{0F097050-B834-4C2D-87F0-FE633C078268}.AppStore|x86.ActiveCfg = Release|x86
		{0F097050-B834-4C2D-87F0-FE633C078268}.AppStore|x86.Build.0 = Release|x86
		{0F097050-B834-4C2D-87F0-FE633C078268}.AppStore|x86.Deploy.0 = Release|x86
		{0F097050-B834-4C2D-87F0-FE633C078268}.Debug|Any CPU.ActiveCfg = Debug|Any CPU
		{0F097050-B834-4C2D-87F0-FE633C078268}.Debug|Any CPU.Build.0 = Debug|Any CPU
		{0F097050-B834-4C2D-87F0-FE633C078268}.Debug|Any CPU.Deploy.0 = Debug|Any CPU
		{0F097050-B834-4C2D-87F0-FE633C078268}.Debug|ARM.ActiveCfg = Debug|ARM
		{0F097050-B834-4C2D-87F0-FE633C078268}.Debug|ARM.Build.0 = Debug|ARM
		{0F097050-B834-4C2D-87F0-FE633C078268}.Debug|ARM.Deploy.0 = Debug|ARM
		{0F097050-B834-4C2D-87F0-FE633C078268}.Debug|iPhone.ActiveCfg = Debug|Any CPU
		{0F097050-B834-4C2D-87F0-FE633C078268}.Debug|iPhone.Build.0 = Debug|Any CPU
		{0F097050-B834-4C2D-87F0-FE633C078268}.Debug|iPhone.Deploy.0 = Debug|Any CPU
		{0F097050-B834-4C2D-87F0-FE633C078268}.Debug|iPhoneSimulator.ActiveCfg = Debug|Any CPU
		{0F097050-B834-4C2D-87F0-FE633C078268}.Debug|iPhoneSimulator.Build.0 = Debug|Any CPU
		{0F097050-B834-4C2D-87F0-FE633C078268}.Debug|iPhoneSimulator.Deploy.0 = Debug|Any CPU
		{0F097050-B834-4C2D-87F0-FE633C078268}.Debug|x64.ActiveCfg = Debug|x64
		{0F097050-B834-4C2D-87F0-FE633C078268}.Debug|x64.Build.0 = Debug|x64
		{0F097050-B834-4C2D-87F0-FE633C078268}.Debug|x64.Deploy.0 = Debug|x64
		{0F097050-B834-4C2D-87F0-FE633C078268}.Debug|x86.ActiveCfg = Debug|x86
		{0F097050-B834-4C2D-87F0-FE633C078268}.Debug|x86.Build.0 = Debug|x86
		{0F097050-B834-4C2D-87F0-FE633C078268}.Debug|x86.Deploy.0 = Debug|x86
		{0F097050-B834-4C2D-87F0-FE633C078268}.Release|Any CPU.ActiveCfg = Release|Any CPU
		{0F097050-B834-4C2D-87F0-FE633C078268}.Release|Any CPU.Build.0 = Release|Any CPU
		{0F097050-B834-4C2D-87F0-FE633C078268}.Release|Any CPU.Deploy.0 = Release|Any CPU
		{0F097050-B834-4C2D-87F0-FE633C078268}.Release|ARM.ActiveCfg = Release|ARM
		{0F097050-B834-4C2D-87F0-FE633C078268}.Release|ARM.Build.0 = Release|ARM
		{0F097050-B834-4C2D-87F0-FE633C078268}.Release|ARM.Deploy.0 = Release|ARM
		{0F097050-B834-4C2D-87F0-FE633C078268}.Release|iPhone.ActiveCfg = Release|Any CPU
		{0F097050-B834-4C2D-87F0-FE633C078268}.Release|iPhone.Build.0 = Release|Any CPU
		{0F097050-B834-4C2D-87F0-FE633C078268}.Release|iPhone.Deploy.0 = Release|Any CPU
		{0F097050-B834-4C2D-87F0-FE633C078268}.Release|iPhoneSimulator.ActiveCfg = Release|Any CPU
		{0F097050-B834-4C2D-87F0-FE633C078268}.Release|iPhoneSimulator.Build.0 = Release|Any CPU
		{0F097050-B834-4C2D-87F0-FE633C078268}.Release|iPhoneSimulator.Deploy.0 = Release|Any CPU
		{0F097050-B834-4C2D-87F0-FE633C078268}.Release|x64.ActiveCfg = Release|x64
		{0F097050-B834-4C2D-87F0-FE633C078268}.Release|x64.Build.0 = Release|x64
		{0F097050-B834-4C2D-87F0-FE633C078268}.Release|x64.Deploy.0 = Release|x64
		{0F097050-B834-4C2D-87F0-FE633C078268}.Release|x86.ActiveCfg = Release|x86
		{0F097050-B834-4C2D-87F0-FE633C078268}.Release|x86.Build.0 = Release|x86
		{0F097050-B834-4C2D-87F0-FE633C078268}.Release|x86.Deploy.0 = Release|x86
	EndGlobalSection
	GlobalSection(SolutionProperties) = preSolution
		HideSolutionNode = FALSE
	EndGlobalSection
EndGlobal
